
Microsoft Visual Studio Solution File, Format Version 12.00
# Visual Studio Express 2012 for Windows Desktop
Project("{FAE04EC0-301F-11D3-BF4B-00C04F79EFBC}") = "AWHudTutorial", "AWHUDTutorial\AWHudTutorial.csproj", "{5240DEF0-CFE4-4D5C-BAB3-F43133378240}"
	ProjectSection(ProjectDependencies) = postProject
		{EB5BD7CA-5BCC-4ABF-89C7-8ADC00013C66} = {EB5BD7CA-5BCC-4ABF-89C7-8ADC00013C66}
	EndProjectSection
EndProject
Project("{FAE04EC0-301F-11D3-BF4B-00C04F79EFBC}") = "AW.Core", "..\AWSSDK\AW.Core\AW.Core.csproj", "{EB5BD7CA-5BCC-4ABF-89C7-8ADC00013C66}"
EndProject
Global
	GlobalSection(SolutionConfigurationPlatforms) = preSolution
		Debug|Any CPU = Debug|Any CPU
		Debug|Mixed Platforms = Debug|Mixed Platforms
		Debug|x86 = Debug|x86
		Release|Any CPU = Release|Any CPU
		Release|Mixed Platforms = Release|Mixed Platforms
		Release|x86 = Release|x86
	EndGlobalSection
	GlobalSection(ProjectConfigurationPlatforms) = postSolution
		{5240DEF0-CFE4-4D5C-BAB3-F43133378240}.Debug|Any CPU.ActiveCfg = Debug|Any CPU
		{5240DEF0-CFE4-4D5C-BAB3-F43133378240}.Debug|Any CPU.Build.0 = Debug|Any CPU
		{5240DEF0-CFE4-4D5C-BAB3-F43133378240}.Debug|Mixed Platforms.ActiveCfg = Debug|Any CPU
		{5240DEF0-CFE4-4D5C-BAB3-F43133378240}.Debug|Mixed Platforms.Build.0 = Debug|Any CPU
		{5240DEF0-CFE4-4D5C-BAB3-F43133378240}.Debug|x86.ActiveCfg = Debug|Any CPU
		{5240DEF0-CFE4-4D5C-BAB3-F43133378240}.Release|Any CPU.ActiveCfg = Release|Any CPU
		{5240DEF0-CFE4-4D5C-BAB3-F43133378240}.Release|Any CPU.Build.0 = Release|Any CPU
		{5240DEF0-CFE4-4D5C-BAB3-F43133378240}.Release|Mixed Platforms.ActiveCfg = Release|Any CPU
		{5240DEF0-CFE4-4D5C-BAB3-F43133378240}.Release|Mixed Platforms.Build.0 = Release|Any CPU
		{5240DEF0-CFE4-4D5C-BAB3-F43133378240}.Release|x86.ActiveCfg = Release|Any CPU
		{EB5BD7CA-5BCC-4ABF-89C7-8ADC00013C66}.Debug|Any CPU.ActiveCfg = Debug|x86
		{EB5BD7CA-5BCC-4ABF-89C7-8ADC00013C66}.Debug|Mixed Platforms.ActiveCfg = Debug|x86
		{EB5BD7CA-5BCC-4ABF-89C7-8ADC00013C66}.Debug|Mixed Platforms.Build.0 = Debug|x86
		{EB5BD7CA-5BCC-4ABF-89C7-8ADC00013C66}.Debug|x86.ActiveCfg = Debug|x86
		{EB5BD7CA-5BCC-4ABF-89C7-8ADC00013C66}.Debug|x86.Build.0 = Debug|x86
		{EB5BD7CA-5BCC-4ABF-89C7-8ADC00013C66}.Release|Any CPU.ActiveCfg = Release|x86
		{EB5BD7CA-5BCC-4ABF-89C7-8ADC00013C66}.Release|Mixed Platforms.ActiveCfg = Release|x86
		{EB5BD7CA-5BCC-4ABF-89C7-8ADC00013C66}.Release|Mixed Platforms.Build.0 = Release|x86
		{EB5BD7CA-5BCC-4ABF-89C7-8ADC00013C66}.Release|x86.ActiveCfg = Release|x86
		{EB5BD7CA-5BCC-4ABF-89C7-8ADC00013C66}.Release|x86.Build.0 = Release|x86
	EndGlobalSection
	GlobalSection(SolutionProperties) = preSolution
		HideSolutionNode = FALSE
	EndGlobalSection
EndGlobal
